
Microsoft Visual Studio Solution File, Format Version 12.00
# Visual Studio Version 17
VisualStudioVersion = 17.14.36401.2 d17.14
MinimumVisualStudioVersion = 10.0.40219.1
Project("{FAE04EC0-301F-11D3-BF4B-00C04F79EFBC}") = "MailProgram", "MailProgram\MailProgram.csproj", "{65DBAD9A-C3F5-479D-B2E8-3E8572EE17D4}"
EndProject
Global
	GlobalSection(SolutionConfigurationPlatforms) = preSolution
		Debug|Any CPU = Debug|Any CPU
		Release|Any CPU = Release|Any CPU
	EndGlobalSection
	GlobalSection(ProjectConfigurationPlatforms) = postSolution
		{65DBAD9A-C3F5-479D-B2E8-3E8572EE17D4}.Debug|Any CPU.ActiveCfg = Debug|Any CPU
		{65DBAD9A-C3F5-479D-B2E8-3E8572EE17D4}.Debug|Any CPU.Build.0 = Debug|Any CPU
		{65DBAD9A-C3F5-479D-B2E8-3E8572EE17D4}.Release|Any CPU.ActiveCfg = Release|Any CPU
		{65DBAD9A-C3F5-479D-B2E8-3E8572EE17D4}.Release|Any CPU.Build.0 = Release|Any CPU
	EndGlobalSection
	GlobalSection(SolutionProperties) = preSolution
		HideSolutionNode = FALSE
	EndGlobalSection
	GlobalSection(ExtensibilityGlobals) = postSolution
		SolutionGuid = {1CE48035-D6A8-4601-9429-63DA57EED7BB}
	EndGlobalSection
EndGlobal
